// !$*UTF8*$!
{
	archiveVersion = 1;
	classes = {
	};
	objectVersion = 46;
	objects = {

/* Begin PBXBuildFile section */
		7113EBD91F6F9EEE005D1E96 /* AppDelegate.swift in Sources */ = {isa = PBXBuildFile; fileRef = 7113EBD81F6F9EEE005D1E96 /* AppDelegate.swift */; };
		7113EBDB1F6F9EEF005D1E96 /* ViewController.swift in Sources */ = {isa = PBXBuildFile; fileRef = 7113EBDA1F6F9EEF005D1E96 /* ViewController.swift */; };
		7113EBDE1F6F9EEF005D1E96 /* Main.storyboard in Resources */ = {isa = PBXBuildFile; fileRef = 7113EBDC1F6F9EEF005D1E96 /* Main.storyboard */; };
		7113EBE01F6F9EEF005D1E96 /* Assets.xcassets in Resources */ = {isa = PBXBuildFile; fileRef = 7113EBDF1F6F9EEF005D1E96 /* Assets.xcassets */; };
		7113EBE31F6F9EEF005D1E96 /* LaunchScreen.storyboard in Resources */ = {isa = PBXBuildFile; fileRef = 7113EBE11F6F9EEF005D1E96 /* LaunchScreen.storyboard */; };
/* End PBXBuildFile section */

/* Begin PBXFileReference section */
		7113EBD51F6F9EEE005D1E96 /* Levler.app */ = {isa = PBXFileReference; explicitFileType = wrapper.application; includeInIndex = 0; path = Levler.app; sourceTree = BUILT_PRODUCTS_DIR; };
		7113EBD81F6F9EEE005D1E96 /* AppDelegate.swift */ = {isa = PBXFileReference; lastKnownFileType = sourcecode.swift; path = AppDelegate.swift; sourceTree = "<group>"; };
		7113EBDA1F6F9EEF005D1E96 /* ViewController.swift */ = {isa = PBXFileReference; lastKnownFileType = sourcecode.swift; path = ViewController.swift; sourceTree = "<group>"; };
		7113EBDD1F6F9EEF005D1E96 /* Base */ = {isa = PBXFileReference; lastKnownFileType = file.storyboard; name = Base; path = Base.lproj/Main.storyboard; sourceTree = "<group>"; };
		7113EBDF1F6F9EEF005D1E96 /* Assets.xcassets */ = {isa = PBXFileReference; lastKnownFileType = folder.assetcatalog; path = Assets.xcassets; sourceTree = "<group>"; };
		7113EBE21F6F9EEF005D1E96 /* Base */ = {isa = PBXFileReference; lastKnownFileType = file.storyboard; name = Base; path = Base.lproj/LaunchScreen.storyboard; sourceTree = "<group>"; };
		7113EBE41F6F9EEF005D1E96 /* Info.plist */ = {isa = PBXFileReference; lastKnownFileType = text.plist.xml; path = Info.plist; sourceTree = "<group>"; };
/* End PBXFileReference section */

/* Begin PBXFrameworksBuildPhase section */
		7113EBD21F6F9EEE005D1E96 /* Frameworks */ = {
			isa = PBXFrameworksBuildPhase;
			buildActionMask = 2147483647;
			files = (
			);
			runOnlyForDeploymentPostprocessing = 0;
		};
/* End PBXFrameworksBuildPhase section */

/* Begin PBXGroup section */
		7113EBCC1F6F9EEE005D1E96 = {
			isa = PBXGroup;
			children = (
				7113EBD71F6F9EEE005D1E96 /* Levler */,
				7113EBD61F6F9EEE005D1E96 /* Products */,
			);
			sourceTree = "<group>";
		};
		7113EBD61F6F9EEE005D1E96 /* Products */ = {
			isa = PBXGroup;
			children = (
				7113EBD51F6F9EEE005D1E96 /* Levler.app */,
			);
			name = Products;
			sourceTree = "<group>";
		};
		7113EBD71F6F9EEE005D1E96 /* Levler */ = {
			isa = PBXGroup;
			children = (
				7113EBD81F6F9EEE005D1E96 /* AppDelegate.swift */,
				7113EBDA1F6F9EEF005D1E96 /* ViewController.swift */,
				7113EBDC1F6F9EEF005D1E96 /* Main.storyboard */,
				7113EBDF1F6F9EEF005D1E96 /* Assets.xcassets */,
				7113EBE11F6F9EEF005D1E96 /* LaunchScreen.storyboard */,
				7113EBE41F6F9EEF005D1E96 /* Info.plist */,
			);
			path = Levler;
			sourceTree = "<group>";
		};
/* End PBXGroup section */

/* Begin PBXNativeTarget section */
		7113EBD41F6F9EEE005D1E96 /* Levler */ = {
			isa = PBXNativeTarget;
			buildConfigurationList = 7113EBE71F6F9EEF005D1E96 /* Build configuration list for PBXNativeTarget "Levler" */;
			buildPhases = (
				7113EBD11F6F9EEE005D1E96 /* Sources */,
				7113EBD21F6F9EEE005D1E96 /* Frameworks */,
				7113EBD31F6F9EEE005D1E96 /* Resources */,
			);
			buildRules = (
			);
			dependencies = (
			);
			name = Levler;
			productName = Levler;
			productReference = 7113EBD51F6F9EEE005D1E96 /* Levler.app */;
			productType = "com.apple.product-type.application";
		};
/* End PBXNativeTarget section */

/* Begin PBXProject section */
		7113EBCD1F6F9EEE005D1E96 /* Project object */ = {
			isa = PBXProject;
			attributes = {
				LastSwiftUpdateCheck = 0830;
				LastUpgradeCheck = 0830;
				ORGANIZATIONNAME = Mohak;
				TargetAttributes = {
					7113EBD41F6F9EEE005D1E96 = {
						CreatedOnToolsVersion = 8.3.3;
						DevelopmentTeam = QB23TXMHVV;
						ProvisioningStyle = Automatic;
					};
				};
			};
			buildConfigurationList = 7113EBD01F6F9EEE005D1E96 /* Build configuration list for PBXProject "Levler" */;
			compatibilityVersion = "Xcode 3.2";
			developmentRegion = English;
			hasScannedForEncodings = 0;
			knownRegions = (
				en,
				Base,
			);
			mainGroup = 7113EBCC1F6F9EEE005D1E96;
			productRefGroup = 7113EBD61F6F9EEE005D1E96 /* Products */;
			projectDirPath = "";
			projectRoot = "";
			targets = (
				7113EBD41F6F9EEE005D1E96 /* Levler */,
			);
		};
/* End PBXProject section */

/* Begin PBXResourcesBuildPhase section */
		7113EBD31F6F9EEE005D1E96 /* Resources */ = {
			isa = PBXResourcesBuildPhase;
			buildActionMask = 2147483647;
			files = (
				7113EBE31F6F9EEF005D1E96 /* LaunchScreen.storyboard in Resources */,
				7113EBE01F6F9EEF005D1E96 /* Assets.xcassets in Resources */,
				7113EBDE1F6F9EEF005D1E96 /* Main.storyboard in Resources */,
			);
			runOnlyForDeploymentPostprocessing = 0;
		};
/* End PBXResourcesBuildPhase section */

/* Begin PBXSourcesBuildPhase section */
		7113EBD11F6F9EEE005D1E96 /* Sources */ = {
			isa = PBXSourcesBuildPhase;
			buildActionMask = 2147483647;
			files = (
				7113EBDB1F6F9EEF005D1E96 /* ViewController.swift in Sources */,
				7113EBD91F6F9EEE005D1E96 /* AppDelegate.swift in Sources */,
			);
			runOnlyForDeploymentPostprocessing = 0;
		};
/* End PBXSourcesBuildPhase section */

/* Begin PBXVariantGroup section */
		7113EBDC1F6F9EEF005D1E96 /* Main.storyboard */ = {
			isa = PBXVariantGroup;
			children = (
				7113EBDD1F6F9EEF005D1E96 /* Base */,
			);
			name = Main.storyboard;
			sourceTree = "<group>";
		};
		7113EBE11F6F9EEF005D1E96 /* LaunchScreen.storyboard */ = {
			isa = PBXVariantGroup;
			children = (
				7113EBE21F6F9EEF005D1E96 /* Base */,
			);
			name = LaunchScreen.storyboard;
			sourceTree = "<group>";
		};
/* End PBXVariantGroup section */

/* Begin XCBuildConfiguration section */
		7113EBE51F6F9EEF005D1E96 /* Debug */ = {
			isa = XCBuildConfiguration;
			buildSettings = {
				ALWAYS_SEARCH_USER_PATHS = NO;
				CLANG_ANALYZER_NONNULL = YES;
				CLANG_ANALYZER_NUMBER_OBJECT_CONVERSION = YES_AGGRESSIVE;
				CLANG_CXX_LANGUAGE_STANDARD = "gnu++0x";
				CLANG_CXX_LIBRARY = "libc++";
				CLANG_ENABLE_MODULES = YES;
				CLANG_ENABLE_OBJC_ARC = YES;
				CLANG_WARN_BOOL_CONVERSION = YES;
				CLANG_WARN_CONSTANT_CONVERSION = YES;
				CLANG_WARN_DIRECT_OBJC_ISA_USAGE = YES_ERROR;
				CLANG_WARN_DOCUMENTATION_COMMENTS = YES;
				CLANG_WARN_EMPTY_BODY = YES;
				CLANG_WARN_ENUM_CONVERSION = YES;
				CLANG_WARN_INFINITE_RECURSION = YES;
				CLANG_WARN_INT_CONVERSION = YES;
				CLANG_WARN_OBJC_ROOT_CLASS = YES_ERROR;
				CLANG_WARN_SUSPICIOUS_MOVE = YES;
				CLANG_WARN_UNREACHABLE_CODE = YES;
				CLANG_WARN__DUPLICATE_METHOD_MATCH = YES;
				"CODE_SIGN_IDENTITY[sdk=iphoneos*]" = "iPhone Developer";
				COPY_PHASE_STRIP = NO;
				DEBUG_INFORMATION_FORMAT = dwarf;
				ENABLE_STRICT_OBJC_MSGSEND = YES;
				ENABLE_TESTABILITY = YES;
				GCC_C_LANGUAGE_STANDARD = gnu99;
				GCC_DYNAMIC_NO_PIC = NO;
				GCC_NO_COMMON_BLOCKS = YES;
				GCC_OPTIMIZATION_LEVEL = 0;
				GCC_PREPROCESSOR_DEFINITIONS = (
					"DEBUG=1",
					"$(inherited)",
				);
				GCC_WARN_64_TO_32_BIT_CONVERSION = YES;
				GCC_WARN_ABOUT_RETURN_TYPE = YES_ERROR;
				GCC_WARN_UNDECLARED_SELECTOR = YES;
				GCC_WARN_UNINITIALIZED_AUTOS = YES_AGGRESSIVE;
				GCC_WARN_UNUSED_FUNCTION = YES;
				GCC_WARN_UNUSED_VARIABLE = YES;
				IPHONEOS_DEPLOYMENT_TARGET = 10.3;
				MTL_ENABLE_DEBUG_INFO = YES;
				ONLY_ACTIVE_ARCH = YES;
				SDKROOT = iphoneos;
				SWIFT_ACTIVE_COMPILATION_CONDITIONS = DEBUG;
				SWIFT_OPTIMIZATION_LEVEL = "-Onone";
				TARGETED_DEVICE_FAMILY = "1,2";
			};
			name = Debug;
		};
		7113EBE61F6F9EEF005D1E96 /* Release */ = {
			isa = XCBuildConfiguration;
			buildSettings = {
				ALWAYS_SEARCH_USER_PATHS = NO;
				CLANG_ANALYZER_NONNULL = YES;
				CLANG_ANALYZER_NUMBER_OBJECT_CONVERSION = YES_AGGRESSIVE;
				CLANG_CXX_LANGUAGE_STANDARD = "gnu++0x";
				CLANG_CXX_LIBRARY = "libc++";
				CLANG_ENABLE_MODULES = YES;
				CLANG_ENABLE_OBJC_ARC = YES;
				CLANG_WARN_BOOL_CONVERSION = YES;
				CLANG_WARN_CONSTANT_CONVERSION = YES;
				CLANG_WARN_DIRECT_OBJC_ISA_USAGE = YES_ERROR;
				CLANG_WARN_DOCUMENTATION_COMMENTS = YES;
				CLANG_WARN_EMPTY_BODY = YES;
				CLANG_WARN_ENUM_CONVERSION = YES;
				CLANG_WARN_INFINITE_RECURSION = YES;
				CLANG_WARN_INT_CONVERSION = YES;
				CLANG_WARN_OBJC_ROOT_CLASS = YES_ERROR;
				CLANG_WARN_SUSPICIOUS_MOVE = YES;
				CLANG_WARN_UNREACHABLE_CODE = YES;
				CLANG_WARN__DUPLICATE_METHOD_MATCH = YES;
				"CODE_SIGN_IDENTITY[sdk=iphoneos*]" = "iPhone Developer";
				COPY_PHASE_STRIP = NO;
				DEBUG_INFORMATION_FORMAT = "dwarf-with-dsym";
				ENABLE_NS_ASSERTIONS = NO;
				ENABLE_STRICT_OBJC_MSGSEND = YES;
				GCC_C_LANGUAGE_STANDARD = gnu99;
				GCC_NO_COMMON_BLOCKS = YES;
				GCC_WARN_64_TO_32_BIT_CONVERSION = YES;
				GCC_WARN_ABOUT_RETURN_TYPE = YES_ERROR;
				GCC_WARN_UNDECLARED_SELECTOR = YES;
				GCC_WARN_UNINITIALIZED_AUTOS = YES_AGGRESSIVE;
				GCC_WARN_UNUSED_FUNCTION = YES;
				GCC_WARN_UNUSED_VARIABLE = YES;
				IPHONEOS_DEPLOYMENT_TARGET = 10.3;
				MTL_ENABLE_DEBUG_INFO = NO;
				SDKROOT = iphoneos;
				SWIFT_OPTIMIZATION_LEVEL = "-Owholemodule";
				TARGETED_DEVICE_FAMILY = "1,2";
				VALIDATE_PRODUCT = YES;
			};
			name = Release;
		};
		7113EBE81F6F9EEF005D1E96 /* Debug */ = {
			isa = XCBuildConfiguration;
			buildSettings = {
				ASSETCATALOG_COMPILER_APPICON_NAME = AppIcon;
				DEVELOPMENT_TEAM = QB23TXMHVV;
				INFOPLIST_FILE = Levler/Info.plist;
				LD_RUNPATH_SEARCH_PATHS = "$(inherited) @executable_path/Frameworks";
				PRODUCT_BUNDLE_IDENTIFIER = com.levler.Levler;
				PRODUCT_NAME = "$(TARGET_NAME)";
				SWIFT_VERSION = 3.0;
			};
			name = Debug;
		};
		7113EBE91F6F9EEF005D1E96 /* Release */ = {
			isa = XCBuildConfiguration;
			buildSettings = {
				ASSETCATALOG_COMPILER_APPICON_NAME = AppIcon;
				DEVELOPMENT_TEAM = QB23TXMHVV;
				INFOPLIST_FILE = Levler/Info.plist;
				LD_RUNPATH_SEARCH_PATHS = "$(inherited) @executable_path/Frameworks";
				PRODUCT_BUNDLE_IDENTIFIER = com.levler.Levler;
				PRODUCT_NAME = "$(TARGET_NAME)";
				SWIFT_VERSION = 3.0;
			};
			name = Release;
		};
/* End XCBuildConfiguration section */

/* Begin XCConfigurationList section */
		7113EBD01F6F9EEE005D1E96 /* Build configuration list for PBXProject "Levler" */ = {
			isa = XCConfigurationList;
			buildConfigurations = (
				7113EBE51F6F9EEF005D1E96 /* Debug */,
				7113EBE61F6F9EEF005D1E96 /* Release */,
			);
			defaultConfigurationIsVisible = 0;
			defaultConfigurationName = Release;
		};
		7113EBE71F6F9EEF005D1E96 /* Build configuration list for PBXNativeTarget "Levler" */ = {
			isa = XCConfigurationList;
			buildConfigurations = (
				7113EBE81F6F9EEF005D1E96 /* Debug */,
				7113EBE91F6F9EEF005D1E96 /* Release */,
			);
			defaultConfigurationIsVisible = 0;
		};
/* End XCConfigurationList section */
	};
	rootObject = 7113EBCD1F6F9EEE005D1E96 /* Project object */;
}
